
Microsoft Visual Studio Solution File, Format Version 12.00
# Visual Studio Version 16
VisualStudioVersion = 16.0.30011.22
MinimumVisualStudioVersion = 10.0.40219.1
Project("{FAE04EC0-301F-11D3-BF4B-00C04F79EFBC}") = "JsonSchemaCreateAndValidate", "JsonSchemaCreateAndValidate\JsonSchemaCreateAndValidate.csproj", "{0A0B76AD-C661-4A52-99AE-66F5FF443DE2}"
EndProject
Global
	GlobalSection(SolutionConfigurationPlatforms) = preSolution
		Debug|Any CPU = Debug|Any CPU
		Release|Any CPU = Release|Any CPU
	EndGlobalSection
	GlobalSection(ProjectConfigurationPlatforms) = postSolution
		{0A0B76AD-C661-4A52-99AE-66F5FF443DE2}.Debug|Any CPU.ActiveCfg = Debug|Any CPU
		{0A0B76AD-C661-4A52-99AE-66F5FF443DE2}.Debug|Any CPU.Build.0 = Debug|Any CPU
		{0A0B76AD-C661-4A52-99AE-66F5FF443DE2}.Release|Any CPU.ActiveCfg = Release|Any CPU
		{0A0B76AD-C661-4A52-99AE-66F5FF443DE2}.Release|Any CPU.Build.0 = Release|Any CPU
	EndGlobalSection
	GlobalSection(SolutionProperties) = preSolution
		HideSolutionNode = FALSE
	EndGlobalSection
	GlobalSection(ExtensibilityGlobals) = postSolution
		SolutionGuid = {A3487258-4022-4FB2-93E4-9B078061DA2A}
	EndGlobalSection
EndGlobal
